
Microsoft Visual Studio Solution File, Format Version 12.00
# Visual Studio Version 17
VisualStudioVersion = 17.4.33213.308
MinimumVisualStudioVersion = 10.0.40219.1
Project("{9A19103F-16F7-4668-BE54-9A1E7A4F7556}") = "LocatedAPI", "LocatedAPI.csproj", "{3E593DAF-166D-469C-9136-E2CBB1A3C9BC}"
EndProject
Project("{FAE04EC0-301F-11D3-BF4B-00C04F79EFBC}") = "LocatedAPP", "..\LocatedAPP\LocatedAPP.csproj", "{34FB4DF7-E769-4BBA-8E4E-CF6108A6D55B}"
EndProject
Global
	GlobalSection(SolutionConfigurationPlatforms) = preSolution
		Debug|Any CPU = Debug|Any CPU
		Release|Any CPU = Release|Any CPU
	EndGlobalSection
	GlobalSection(ProjectConfigurationPlatforms) = postSolution
		{3E593DAF-166D-469C-9136-E2CBB1A3C9BC}.Debug|Any CPU.ActiveCfg = Debug|Any CPU
		{3E593DAF-166D-469C-9136-E2CBB1A3C9BC}.Debug|Any CPU.Build.0 = Debug|Any CPU
		{3E593DAF-166D-469C-9136-E2CBB1A3C9BC}.Release|Any CPU.ActiveCfg = Release|Any CPU
		{3E593DAF-166D-469C-9136-E2CBB1A3C9BC}.Release|Any CPU.Build.0 = Release|Any CPU
		{34FB4DF7-E769-4BBA-8E4E-CF6108A6D55B}.Debug|Any CPU.ActiveCfg = Debug|Any CPU
		{34FB4DF7-E769-4BBA-8E4E-CF6108A6D55B}.Debug|Any CPU.Build.0 = Debug|Any CPU
		{34FB4DF7-E769-4BBA-8E4E-CF6108A6D55B}.Release|Any CPU.ActiveCfg = Release|Any CPU
		{34FB4DF7-E769-4BBA-8E4E-CF6108A6D55B}.Release|Any CPU.Build.0 = Release|Any CPU
	EndGlobalSection
	GlobalSection(SolutionProperties) = preSolution
		HideSolutionNode = FALSE
	EndGlobalSection
	GlobalSection(ExtensibilityGlobals) = postSolution
		SolutionGuid = {1238361C-6BB4-4A56-96E8-E3C45251C9E1}
	EndGlobalSection
EndGlobal
